{
  "name": "express-lambda",
  "version": "1.0.0",
  "lockfileVersion": 3,
  "requires": true,
  "packages": {
    "": {
      "name": "express-lambda",
      "version": "1.0.0",
      "license": "ISC",
      "dependencies": {
        "memcached-elasticache": "^1.1.1"
      }
    },
    "node_modules/bluebird": {
      "version": "3.7.2",
      "resolved": "https://registry.npmjs.org/bluebird/-/bluebird-3.7.2.tgz",
      "integrity": "sha512-XpNj6GDQzdfW+r2Wnn7xiSAd7TM3jzkxGXBGTtWKuSXv1xUV+azxAm8jdWZN06QTQk+2N2XB9jRDkvbmQmcRtg==",
      "license": "MIT"
    },
    "node_modules/connection-parse": {
      "version": "0.0.7",
      "resolved": "https://registry.npmjs.org/connection-parse/-/connection-parse-0.0.7.tgz",
      "integrity": "sha512-bTTG28diWg7R7/+qE5NZumwPbCiJOT8uPdZYu674brDjBWQctbaQbYlDKhalS+4i5HxIx+G8dZsnBHKzWpp01A==",
      "license": "MIT"
    },
    "node_modules/hashring": {
      "version": "3.2.0",
      "resolved": "https://registry.npmjs.org/hashring/-/hashring-3.2.0.tgz",
      "integrity": "sha512-xCMovURClsQZ+TR30icCZj+34Fq1hs0y6YCASD6ZqdRfYRybb5Iadws2WS+w09mGM/kf9xyA5FCdJQGcgcraSA==",
      "license": "MIT",
      "dependencies": {
        "connection-parse": "0.0.x",
        "simple-lru-cache": "0.0.x"
      }
    },
    "node_modules/jackpot": {
      "version": "0.0.6",
      "resolved": "https://registry.npmjs.org/jackpot/-/jackpot-0.0.6.tgz",
      "integrity": "sha512-rbWXX+A9ooq03/dfavLg9OXQ8YB57Wa7PY5c4LfU3CgFpwEhhl3WyXTQVurkaT7zBM5I9SSOaiLyJ4I0DQmC0g==",
      "dependencies": {
        "retry": "0.6.0"
      }
    },
    "node_modules/lodash": {
      "version": "4.17.21",
      "resolved": "https://registry.npmjs.org/lodash/-/lodash-4.17.21.tgz",
      "integrity": "sha512-v2kDEe57lecTulaDIuNTPy3Ry4gLGJ6Z1O3vE1krgXZNrsQ+LFTGHVxVjcXPs17LhbZVGedAJv8XZ1tvj5FvSg==",
      "license": "MIT"
    },
    "node_modules/memcached": {
      "version": "2.2.2",
      "resolved": "https://registry.npmjs.org/memcached/-/memcached-2.2.2.tgz",
      "integrity": "sha512-lHwUmqkT9WdUUgRsAvquO4xsKXYaBd644Orz31tuth+w/BIfFNuJMWwsG7sa7H3XXytaNfPTZ5R/yOG3d9zJMA==",
      "license": "MIT",
      "dependencies": {
        "hashring": "3.2.x",
        "jackpot": ">=0.0.6"
      }
    },
    "node_modules/memcached-elasticache": {
      "version": "1.1.1",
      "resolved": "https://registry.npmjs.org/memcached-elasticache/-/memcached-elasticache-1.1.1.tgz",
      "integrity": "sha512-jPPgHzuGDBQqgDGTe16sIYV09G3Ch/MjI51ZDA4xcIhmdWrRsOYvSZn9OboeRV8pvEr74x1D3ty0GZVwCP+nKA==",
      "license": "MIT",
      "dependencies": {
        "bluebird": "^3.5.0",
        "lodash": "^4.17.4",
        "memcached": "^2.2.2"
      }
    },
    "node_modules/retry": {
      "version": "0.6.0",
      "resolved": "https://registry.npmjs.org/retry/-/retry-0.6.0.tgz",
      "integrity": "sha512-RgncoxLF1GqwAzTZs/K2YpZkWrdIYbXsmesdomi+iPilSzjUyr/wzNIuteoTVaWokzdwZIJ9NHRNQa/RUiOB2g==",
      "engines": {
        "node": "*"
      }
    },
    "node_modules/simple-lru-cache": {
      "version": "0.0.2",
      "resolved": "https://registry.npmjs.org/simple-lru-cache/-/simple-lru-cache-0.0.2.tgz",
      "integrity": "sha512-uEv/AFO0ADI7d99OHDmh1QfYzQk/izT1vCmu/riQfh7qjBVUUgRT87E5s5h7CxWCA/+YoZerykpEthzVrW3LIw=="
    }
  }
}
